// !$*UTF8*$!
{
	archiveVersion = 1;
	classes = {
	};
	objectVersion = 46;
	objects = {

/* Begin PBXBuildFile section */
		B5EB166015823CD800457B33 /* UIKit.framework in Frameworks */ = {isa = PBXBuildFile; fileRef = B5EB165F15823CD800457B33 /* UIKit.framework */; };
		B5EB166215823CD800457B33 /* Foundation.framework in Frameworks */ = {isa = PBXBuildFile; fileRef = B5EB166115823CD800457B33 /* Foundation.framework */; };
		B5EB166415823CD800457B33 /* CoreGraphics.framework in Frameworks */ = {isa = PBXBuildFile; fileRef = B5EB166315823CD800457B33 /* CoreGraphics.framework */; };
		B5EB166A15823CD800457B33 /* InfoPlist.strings in Resources */ = {isa = PBXBuildFile; fileRef = B5EB166815823CD800457B33 /* InfoPlist.strings */; };
		B5EB166C15823CD800457B33 /* main.m in Sources */ = {isa = PBXBuildFile; fileRef = B5EB166B15823CD800457B33 /* main.m */; };
		B5EB167015823CD800457B33 /* YAppDelegate.m in Sources */ = {isa = PBXBuildFile; fileRef = B5EB166F15823CD800457B33 /* YAppDelegate.m */; };
		B5EB167315823CD800457B33 /* YViewController.m in Sources */ = {isa = PBXBuildFile; fileRef = B5EB167215823CD800457B33 /* YViewController.m */; };
		B5EB167615823CD800457B33 /* YViewController.xib in Resources */ = {isa = PBXBuildFile; fileRef = B5EB167415823CD800457B33 /* YViewController.xib */; };
/* End PBXBuildFile section */

/* Begin PBXFileReference section */
		B5EB165B15823CD800457B33 /* Yeah.app */ = {isa = PBXFileReference; explicitFileType = wrapper.application; includeInIndex = 0; path = Yeah.app; sourceTree = BUILT_PRODUCTS_DIR; };
		B5EB165F15823CD800457B33 /* UIKit.framework */ = {isa = PBXFileReference; lastKnownFileType = wrapper.framework; name = UIKit.framework; path = System/Library/Frameworks/UIKit.framework; sourceTree = SDKROOT; };
		B5EB166115823CD800457B33 /* Foundation.framework */ = {isa = PBXFileReference; lastKnownFileType = wrapper.framework; name = Foundation.framework; path = System/Library/Frameworks/Foundation.framework; sourceTree = SDKROOT; };
		B5EB166315823CD800457B33 /* CoreGraphics.framework */ = {isa = PBXFileReference; lastKnownFileType = wrapper.framework; name = CoreGraphics.framework; path = System/Library/Frameworks/CoreGraphics.framework; sourceTree = SDKROOT; };
		B5EB166715823CD800457B33 /* Yeah-Info.plist */ = {isa = PBXFileReference; lastKnownFileType = text.plist.xml; path = "Yeah-Info.plist"; sourceTree = "<group>"; };
		B5EB166915823CD800457B33 /* en */ = {isa = PBXFileReference; lastKnownFileType = text.plist.strings; name = en; path = en.lproj/InfoPlist.strings; sourceTree = "<group>"; };
		B5EB166B15823CD800457B33 /* main.m */ = {isa = PBXFileReference; lastKnownFileType = sourcecode.c.objc; path = main.m; sourceTree = "<group>"; };
		B5EB166D15823CD800457B33 /* Yeah-Prefix.pch */ = {isa = PBXFileReference; lastKnownFileType = sourcecode.c.h; path = "Yeah-Prefix.pch"; sourceTree = "<group>"; };
		B5EB166E15823CD800457B33 /* YAppDelegate.h */ = {isa = PBXFileReference; lastKnownFileType = sourcecode.c.h; path = YAppDelegate.h; sourceTree = "<group>"; };
		B5EB166F15823CD800457B33 /* YAppDelegate.m */ = {isa = PBXFileReference; lastKnownFileType = sourcecode.c.objc; path = YAppDelegate.m; sourceTree = "<group>"; };
		B5EB167115823CD800457B33 /* YViewController.h */ = {isa = PBXFileReference; lastKnownFileType = sourcecode.c.h; path = YViewController.h; sourceTree = "<group>"; };
		B5EB167215823CD800457B33 /* YViewController.m */ = {isa = PBXFileReference; lastKnownFileType = sourcecode.c.objc; path = YViewController.m; sourceTree = "<group>"; };
		B5EB167515823CD800457B33 /* en */ = {isa = PBXFileReference; lastKnownFileType = file.xib; name = en; path = en.lproj/YViewController.xib; sourceTree = "<group>"; };
/* End PBXFileReference section */

/* Begin PBXFrameworksBuildPhase section */
		B5EB165815823CD800457B33 /* Frameworks */ = {
			isa = PBXFrameworksBuildPhase;
			buildActionMask = 2147483647;
			files = (
				B5EB166015823CD800457B33 /* UIKit.framework in Frameworks */,
				B5EB166215823CD800457B33 /* Foundation.framework in Frameworks */,
				B5EB166415823CD800457B33 /* CoreGraphics.framework in Frameworks */,
			);
			runOnlyForDeploymentPostprocessing = 0;
		};
/* End PBXFrameworksBuildPhase section */

/* Begin PBXGroup section */
		B5EB165015823CD800457B33 = {
			isa = PBXGroup;
			children = (
				B5EB166515823CD800457B33 /* Yeah */,
				B5EB165E15823CD800457B33 /* Frameworks */,
				B5EB165C15823CD800457B33 /* Products */,
			);
			sourceTree = "<group>";
		};
		B5EB165C15823CD800457B33 /* Products */ = {
			isa = PBXGroup;
			children = (
				B5EB165B15823CD800457B33 /* Yeah.app */,
			);
			name = Products;
			sourceTree = "<group>";
		};
		B5EB165E15823CD800457B33 /* Frameworks */ = {
			isa = PBXGroup;
			children = (
				B5EB165F15823CD800457B33 /* UIKit.framework */,
				B5EB166115823CD800457B33 /* Foundation.framework */,
				B5EB166315823CD800457B33 /* CoreGraphics.framework */,
			);
			name = Frameworks;
			sourceTree = "<group>";
		};
		B5EB166515823CD800457B33 /* Yeah */ = {
			isa = PBXGroup;
			children = (
				B5EB166E15823CD800457B33 /* YAppDelegate.h */,
				B5EB166F15823CD800457B33 /* YAppDelegate.m */,
				B5EB167115823CD800457B33 /* YViewController.h */,
				B5EB167215823CD800457B33 /* YViewController.m */,
				B5EB167415823CD800457B33 /* YViewController.xib */,
				B5EB166615823CD800457B33 /* Supporting Files */,
			);
			path = Yeah;
			sourceTree = "<group>";
		};
		B5EB166615823CD800457B33 /* Supporting Files */ = {
			isa = PBXGroup;
			children = (
				B5EB166715823CD800457B33 /* Yeah-Info.plist */,
				B5EB166815823CD800457B33 /* InfoPlist.strings */,
				B5EB166B15823CD800457B33 /* main.m */,
				B5EB166D15823CD800457B33 /* Yeah-Prefix.pch */,
			);
			name = "Supporting Files";
			sourceTree = "<group>";
		};
/* End PBXGroup section */

/* Begin PBXNativeTarget section */
		B5EB165A15823CD800457B33 /* Yeah */ = {
			isa = PBXNativeTarget;
			buildConfigurationList = B5EB167915823CD800457B33 /* Build configuration list for PBXNativeTarget "Yeah" */;
			buildPhases = (
				B5EB165715823CD800457B33 /* Sources */,
				B5EB165815823CD800457B33 /* Frameworks */,
				B5EB165915823CD800457B33 /* Resources */,
			);
			buildRules = (
			);
			dependencies = (
			);
			name = Yeah;
			productName = Yeah;
			productReference = B5EB165B15823CD800457B33 /* Yeah.app */;
			productType = "com.apple.product-type.application";
		};
/* End PBXNativeTarget section */

/* Begin PBXProject section */
		B5EB165215823CD800457B33 /* Project object */ = {
			isa = PBXProject;
			attributes = {
				CLASSPREFIX = Y;
				LastUpgradeCheck = 0430;
			};
			buildConfigurationList = B5EB165515823CD800457B33 /* Build configuration list for PBXProject "Yeah" */;
			compatibilityVersion = "Xcode 3.2";
			developmentRegion = English;
			hasScannedForEncodings = 0;
			knownRegions = (
				en,
			);
			mainGroup = B5EB165015823CD800457B33;
			productRefGroup = B5EB165C15823CD800457B33 /* Products */;
			projectDirPath = "";
			projectRoot = "";
			targets = (
				B5EB165A15823CD800457B33 /* Yeah */,
			);
		};
/* End PBXProject section */

/* Begin PBXResourcesBuildPhase section */
		B5EB165915823CD800457B33 /* Resources */ = {
			isa = PBXResourcesBuildPhase;
			buildActionMask = 2147483647;
			files = (
				B5EB166A15823CD800457B33 /* InfoPlist.strings in Resources */,
				B5EB167615823CD800457B33 /* YViewController.xib in Resources */,
			);
			runOnlyForDeploymentPostprocessing = 0;
		};
/* End PBXResourcesBuildPhase section */

/* Begin PBXSourcesBuildPhase section */
		B5EB165715823CD800457B33 /* Sources */ = {
			isa = PBXSourcesBuildPhase;
			buildActionMask = 2147483647;
			files = (
				B5EB166C15823CD800457B33 /* main.m in Sources */,
				B5EB167015823CD800457B33 /* YAppDelegate.m in Sources */,
				B5EB167315823CD800457B33 /* YViewController.m in Sources */,
			);
			runOnlyForDeploymentPostprocessing = 0;
		};
/* End PBXSourcesBuildPhase section */

/* Begin PBXVariantGroup section */
		B5EB166815823CD800457B33 /* InfoPlist.strings */ = {
			isa = PBXVariantGroup;
			children = (
				B5EB166915823CD800457B33 /* en */,
			);
			name = InfoPlist.strings;
			sourceTree = "<group>";
		};
		B5EB167415823CD800457B33 /* YViewController.xib */ = {
			isa = PBXVariantGroup;
			children = (
				B5EB167515823CD800457B33 /* en */,
			);
			name = YViewController.xib;
			sourceTree = "<group>";
		};
/* End PBXVariantGroup section */

/* Begin XCBuildConfiguration section */
		B5EB167715823CD800457B33 /* Debug */ = {
			isa = XCBuildConfiguration;
			buildSettings = {
				ALWAYS_SEARCH_USER_PATHS = NO;
				ARCHS = "$(ARCHS_STANDARD_32_BIT)";
				CLANG_ENABLE_OBJC_ARC = YES;
				"CODE_SIGN_IDENTITY[sdk=iphoneos*]" = "iPhone Developer";
				COPY_PHASE_STRIP = NO;
				GCC_C_LANGUAGE_STANDARD = gnu99;
				GCC_DYNAMIC_NO_PIC = NO;
				GCC_OPTIMIZATION_LEVEL = 0;
				GCC_PREPROCESSOR_DEFINITIONS = (
					"DEBUG=1",
					"$(inherited)",
				);
				GCC_SYMBOLS_PRIVATE_EXTERN = NO;
				GCC_VERSION = com.apple.compilers.llvm.clang.1_0;
				GCC_WARN_ABOUT_RETURN_TYPE = YES;
				GCC_WARN_UNINITIALIZED_AUTOS = YES;
				GCC_WARN_UNUSED_VARIABLE = YES;
				IPHONEOS_DEPLOYMENT_TARGET = 5.1;
				SDKROOT = iphoneos;
			};
			name = Debug;
		};
		B5EB167815823CD800457B33 /* Release */ = {
			isa = XCBuildConfiguration;
			buildSettings = {
				ALWAYS_SEARCH_USER_PATHS = NO;
				ARCHS = "$(ARCHS_STANDARD_32_BIT)";
				CLANG_ENABLE_OBJC_ARC = YES;
				"CODE_SIGN_IDENTITY[sdk=iphoneos*]" = "iPhone Developer";
				COPY_PHASE_STRIP = YES;
				GCC_C_LANGUAGE_STANDARD = gnu99;
				GCC_VERSION = com.apple.compilers.llvm.clang.1_0;
				GCC_WARN_ABOUT_RETURN_TYPE = YES;
				GCC_WARN_UNINITIALIZED_AUTOS = YES;
				GCC_WARN_UNUSED_VARIABLE = YES;
				IPHONEOS_DEPLOYMENT_TARGET = 5.1;
				OTHER_CFLAGS = "-DNS_BLOCK_ASSERTIONS=1";
				SDKROOT = iphoneos;
				VALIDATE_PRODUCT = YES;
			};
			name = Release;
		};
		B5EB167A15823CD800457B33 /* Debug */ = {
			isa = XCBuildConfiguration;
			buildSettings = {
				GCC_PRECOMPILE_PREFIX_HEADER = YES;
				GCC_PREFIX_HEADER = "Yeah/Yeah-Prefix.pch";
				INFOPLIST_FILE = "Yeah/Yeah-Info.plist";
				PRODUCT_NAME = "$(TARGET_NAME)";
				WRAPPER_EXTENSION = app;
			};
			name = Debug;
		};
		B5EB167B15823CD800457B33 /* Release */ = {
			isa = XCBuildConfiguration;
			buildSettings = {
				GCC_PRECOMPILE_PREFIX_HEADER = YES;
				GCC_PREFIX_HEADER = "Yeah/Yeah-Prefix.pch";
				INFOPLIST_FILE = "Yeah/Yeah-Info.plist";
				PRODUCT_NAME = "$(TARGET_NAME)";
				WRAPPER_EXTENSION = app;
			};
			name = Release;
		};
/* End XCBuildConfiguration section */

/* Begin XCConfigurationList section */
		B5EB165515823CD800457B33 /* Build configuration list for PBXProject "Yeah" */ = {
			isa = XCConfigurationList;
			buildConfigurations = (
				B5EB167715823CD800457B33 /* Debug */,
				B5EB167815823CD800457B33 /* Release */,
			);
			defaultConfigurationIsVisible = 0;
			defaultConfigurationName = Release;
		};
		B5EB167915823CD800457B33 /* Build configuration list for PBXNativeTarget "Yeah" */ = {
			isa = XCConfigurationList;
			buildConfigurations = (
				B5EB167A15823CD800457B33 /* Debug */,
				B5EB167B15823CD800457B33 /* Release */,
			);
			defaultConfigurationIsVisible = 0;
		};
/* End XCConfigurationList section */
	};
	rootObject = B5EB165215823CD800457B33 /* Project object */;
}
